
Microsoft Visual Studio Solution File, Format Version 12.00
# Visual Studio Version 17
VisualStudioVersion = 17.8.34330.188
MinimumVisualStudioVersion = 10.0.40219.1
Project("{FAE04EC0-301F-11D3-BF4B-00C04F79EFBC}") = "Assignment-3Feb02", "Assignment-3Feb02\Assignment-3Feb02.csproj", "{028ED5CD-897B-4C5C-94F3-7C64CE8ECAB4}"
EndProject
Global
	GlobalSection(SolutionConfigurationPlatforms) = preSolution
		Debug|Any CPU = Debug|Any CPU
		Release|Any CPU = Release|Any CPU
	EndGlobalSection
	GlobalSection(ProjectConfigurationPlatforms) = postSolution
		{028ED5CD-897B-4C5C-94F3-7C64CE8ECAB4}.Debug|Any CPU.ActiveCfg = Debug|Any CPU
		{028ED5CD-897B-4C5C-94F3-7C64CE8ECAB4}.Debug|Any CPU.Build.0 = Debug|Any CPU
		{028ED5CD-897B-4C5C-94F3-7C64CE8ECAB4}.Release|Any CPU.ActiveCfg = Release|Any CPU
		{028ED5CD-897B-4C5C-94F3-7C64CE8ECAB4}.Release|Any CPU.Build.0 = Release|Any CPU
	EndGlobalSection
	GlobalSection(SolutionProperties) = preSolution
		HideSolutionNode = FALSE
	EndGlobalSection
	GlobalSection(ExtensibilityGlobals) = postSolution
		SolutionGuid = {BAFF16B3-66E6-44DC-AEF0-A64EAA6D6C9C}
	EndGlobalSection
EndGlobal
